
Microsoft Visual Studio Solution File, Format Version 12.00
# Visual Studio Version 17
VisualStudioVersion = 17.7.34221.43
MinimumVisualStudioVersion = 10.0.40219.1
Project("{FAE04EC0-301F-11D3-BF4B-00C04F79EFBC}") = "EmpTest", "EmpTest\EmpTest.csproj", "{566E1B65-EC29-4F21-A70F-43DC0660A5DA}"
EndProject
Project("{FAE04EC0-301F-11D3-BF4B-00C04F79EFBC}") = "DAL", "DAL\DAL.csproj", "{631D2A23-5616-4025-8A6B-628841CAAD3B}"
EndProject
Global
	GlobalSection(SolutionConfigurationPlatforms) = preSolution
		Debug|Any CPU = Debug|Any CPU
		Release|Any CPU = Release|Any CPU
	EndGlobalSection
	GlobalSection(ProjectConfigurationPlatforms) = postSolution
		{566E1B65-EC29-4F21-A70F-43DC0660A5DA}.Debug|Any CPU.ActiveCfg = Debug|Any CPU
		{566E1B65-EC29-4F21-A70F-43DC0660A5DA}.Debug|Any CPU.Build.0 = Debug|Any CPU
		{566E1B65-EC29-4F21-A70F-43DC0660A5DA}.Release|Any CPU.ActiveCfg = Release|Any CPU
		{566E1B65-EC29-4F21-A70F-43DC0660A5DA}.Release|Any CPU.Build.0 = Release|Any CPU
		{631D2A23-5616-4025-8A6B-628841CAAD3B}.Debug|Any CPU.ActiveCfg = Debug|Any CPU
		{631D2A23-5616-4025-8A6B-628841CAAD3B}.Debug|Any CPU.Build.0 = Debug|Any CPU
		{631D2A23-5616-4025-8A6B-628841CAAD3B}.Release|Any CPU.ActiveCfg = Release|Any CPU
		{631D2A23-5616-4025-8A6B-628841CAAD3B}.Release|Any CPU.Build.0 = Release|Any CPU
	EndGlobalSection
	GlobalSection(SolutionProperties) = preSolution
		HideSolutionNode = FALSE
	EndGlobalSection
	GlobalSection(ExtensibilityGlobals) = postSolution
		SolutionGuid = {478735E0-1A03-4D25-9505-998C9B8DD6DB}
	EndGlobalSection
EndGlobal
